{
  "version": "4",
  "remote": {
    "https://esm.sh/*preact@10.19.3/denonext/jsx-runtime.development.mjs": "ebb1aabad1ba79fab26fd10860f6966079bcc49446261756d3aab2015f74c9da",
    "https://esm.sh/*preact@10.19.3/denonext/preact.development.mjs": "490b9d9db533ec16ae123b35eacc2da7790de5f7c4b9dd5488a5815c35339a8b",
    "https://esm.sh/*preact@10.19.3/jsx-runtime?dev": "93d93980c0522f6c00bd867b1b9df986da98ed6849892320705b89b27149e417",
    "https://esm.sh/*preact@10.19.3?dev": "e9581939664914f17efaf2a51b4d95225530c8013e21b66bf3546e5c2f386b70"
  },
  "workspace": {
    "dependencies": [
      "jsr:@std/path@1",
      "npm:@eslint-community/eslint-plugin-eslint-comments@^4.4.0",
      "npm:@eslint-react/eslint-plugin@^1.28.0",
      "npm:@stylistic/eslint-plugin@^4.1.0",
      "npm:@typescript-eslint/parser@^8.11.0",
      "npm:eslint-plugin-command@^3.1.0",
      "npm:eslint-plugin-depend@0.12",
      "npm:eslint-plugin-import-x@^4.3.1",
      "npm:eslint-plugin-jsdoc@^50.4.3",
      "npm:eslint-plugin-no-secrets@^2.2.1",
      "npm:eslint-plugin-perfectionist@^4.8.0",
      "npm:eslint-plugin-promise@^7.1.0",
      "npm:eslint-plugin-react@^7.35.0",
      "npm:eslint-plugin-redos@^4.4.5",
      "npm:eslint-plugin-regexp@^2.6.0",
      "npm:eslint-plugin-security@^3.0.1",
      "npm:eslint-plugin-sonarjs@^3.0.1",
      "npm:eslint-plugin-tailwindcss@^3.18.0",
      "npm:eslint-plugin-unicorn@57",
      "npm:eslint@^9.21.0",
      "npm:globals@16"
    ]
  }
}
